ublic class MainClass
{
     static void Main (string[] agrs)
    {
        Repeating_string rs = new();
        Console.WriteLine(rs.removeReverse("ababab"));
    }

}


public class Repeating_string
{
   public String removeReverse(String S)
    {
        //ababab
        //babab
        //baba
        //aba
        //ab
        int L =0;
        for (int i = 0; i < S.Length; i++)
        {
            String str = S.Substring(0,L);         
            String ns = "";

            int char_index = str.IndexOf(S[L]);
            if (char_index > -1 && char_index < L)
            {
                S = S.Remove(char_index, 1);
                for(int j = S.Length - 1; j >= 0; j--)
                {
                    ns += S[j];
                }
                S = ns;
                L = 1;
            }
            else
            {
                L++;
            }
        }
        return S;
    }
}
